dependencies:
- name: helm-product
  repository: oci://ghcr.io/onecx/charts
  version: 0.3.0
- name: onecx-develop-adminer
  repository: oci://ghcr.io/onecx/charts
  version: 1.1.0-rc.1
digest: sha256:1a1064ff119cb05aa8f84a0ab32501c5c1bbe7ebc7bea9b5c9e095e9c75a7147
generated: "2025-11-05T10:37:35.848097564Z"
