dependencies:
- name: helm-product
  repository: oci://ghcr.io/onecx/charts
  version: 0.4.0
- name: onecx-develop-adminer
  repository: oci://ghcr.io/onecx/charts
  version: 1.1.0
digest: sha256:4bc9d1c519474e04259b9d66fdac1bd6d51899a8f53baf822ac266d76f053157
generated: "2026-05-18T10:02:40.11239893Z"
